
Microsoft Visual Studio Solution File, Format Version 12.00
# Visual Studio Version 17
VisualStudioVersion = 17.5.002.0
MinimumVisualStudioVersion = 10.0.40219.1
Project("{9A19103F-16F7-4668-BE54-9A1E7A4F7556}") = "api", "api.csproj", "{DA101B69-7421-4ADB-A934-B3ABB6C9E324}"
EndProject
Global
	GlobalSection(SolutionConfigurationPlatforms) = preSolution
		Debug|Any CPU = Debug|Any CPU
		Release|Any CPU = Release|Any CPU
	EndGlobalSection
	GlobalSection(ProjectConfigurationPlatforms) = postSolution
		{DA101B69-7421-4ADB-A934-B3ABB6C9E324}.Debug|Any CPU.ActiveCfg = Debug|Any CPU
		{DA101B69-7421-4ADB-A934-B3ABB6C9E324}.Debug|Any CPU.Build.0 = Debug|Any CPU
		{DA101B69-7421-4ADB-A934-B3ABB6C9E324}.Release|Any CPU.ActiveCfg = Release|Any CPU
		{DA101B69-7421-4ADB-A934-B3ABB6C9E324}.Release|Any CPU.Build.0 = Release|Any CPU
	EndGlobalSection
	GlobalSection(SolutionProperties) = preSolution
		HideSolutionNode = FALSE
	EndGlobalSection
	GlobalSection(ExtensibilityGlobals) = postSolution
		SolutionGuid = {1C85C798-4F8E-4C5E-BE40-D7AA2CF8AC65}
	EndGlobalSection
EndGlobal
